<Solution>
  <Folder Name="/src/">
    <Project Path="src/FahrzeugZulassung.API/FahrzeugZulassung.API.csproj" />
    <Project Path="src/FahrzeugZulassung.Domain/FahrzeugZulassung.Domain.csproj" />
    <Project Path="src/FahrzeugZulassung.Infrastructure/FahrzeugZulassung.Infrastructure.csproj" />
  </Folder>
  <Folder Name="/tests/">
    <Project Path="tests/FahrzeugZulassung.Tests/FahrzeugZulassung.Tests.csproj" />
  </Folder>
</Solution>
